
Microsoft Visual Studio Solution File, Format Version 12.00
# Visual Studio Version 17
VisualStudioVersion = 17.0.31903.59
MinimumVisualStudioVersion = 10.0.40219.1
Project("{2150E333-8FDC-42A3-9474-1A3956D46DE8}") = "src", "src", "{827E0CD3-B72D-47B6-A68D-7590B98EB39B}"
EndProject
Project("{FAE04EC0-301F-11D3-BF4B-00C04F79EFBC}") = "P2W.DealFinder.Domain", "src\P2W.DealFinder.Domain\P2W.DealFinder.Domain.csproj", "{D4B798DC-976E-477E-913D-1A5A8BF9D500}"
EndProject
Project("{FAE04EC0-301F-11D3-BF4B-00C04F79EFBC}") = "P2W.DealFinder.Application", "src\P2W.DealFinder.Application\P2W.DealFinder.Application.csproj", "{E86FA8F2-DAF8-4C95-AA7A-25F0F1378E14}"
EndProject
Project("{FAE04EC0-301F-11D3-BF4B-00C04F79EFBC}") = "P2W.DealFinder.Infrastructure", "src\P2W.DealFinder.Infrastructure\P2W.DealFinder.Infrastructure.csproj", "{C29934DC-C592-4657-85AC-C83B70C0267E}"
EndProject
Project("{FAE04EC0-301F-11D3-BF4B-00C04F79EFBC}") = "P2W.DealFinder.Worker", "src\P2W.DealFinder.Worker\P2W.DealFinder.Worker.csproj", "{C3A2AC0B-1F09-4EEB-9F19-FB724B4F2908}"
EndProject
Project("{FAE04EC0-301F-11D3-BF4B-00C04F79EFBC}") = "P2W.DealFinder.Api", "src\P2W.DealFinder.Api\P2W.DealFinder.Api.csproj", "{20A81C83-3293-48CB-A7CE-11784DF7EC9F}"
EndProject
Global
	GlobalSection(SolutionConfigurationPlatforms) = preSolution
		Debug|Any CPU = Debug|Any CPU
		Debug|x64 = Debug|x64
		Debug|x86 = Debug|x86
		Release|Any CPU = Release|Any CPU
		Release|x64 = Release|x64
		Release|x86 = Release|x86
	EndGlobalSection
	GlobalSection(ProjectConfigurationPlatforms) = postSolution
		{D4B798DC-976E-477E-913D-1A5A8BF9D500}.Debug|Any CPU.ActiveCfg = Debug|Any CPU
		{D4B798DC-976E-477E-913D-1A5A8BF9D500}.Debug|Any CPU.Build.0 = Debug|Any CPU
		{D4B798DC-976E-477E-913D-1A5A8BF9D500}.Debug|x64.ActiveCfg = Debug|Any CPU
		{D4B798DC-976E-477E-913D-1A5A8BF9D500}.Debug|x64.Build.0 = Debug|Any CPU
		{D4B798DC-976E-477E-913D-1A5A8BF9D500}.Debug|x86.ActiveCfg = Debug|Any CPU
		{D4B798DC-976E-477E-913D-1A5A8BF9D500}.Debug|x86.Build.0 = Debug|Any CPU
		{D4B798DC-976E-477E-913D-1A5A8BF9D500}.Release|Any CPU.ActiveCfg = Release|Any CPU
		{D4B798DC-976E-477E-913D-1A5A8BF9D500}.Release|Any CPU.Build.0 = Release|Any CPU
		{D4B798DC-976E-477E-913D-1A5A8BF9D500}.Release|x64.ActiveCfg = Release|Any CPU
		{D4B798DC-976E-477E-913D-1A5A8BF9D500}.Release|x64.Build.0 = Release|Any CPU
		{D4B798DC-976E-477E-913D-1A5A8BF9D500}.Release|x86.ActiveCfg = Release|Any CPU
		{D4B798DC-976E-477E-913D-1A5A8BF9D500}.Release|x86.Build.0 = Release|Any CPU
		{E86FA8F2-DAF8-4C95-AA7A-25F0F1378E14}.Debug|Any CPU.ActiveCfg = Debug|Any CPU
		{E86FA8F2-DAF8-4C95-AA7A-25F0F1378E14}.Debug|Any CPU.Build.0 = Debug|Any CPU
		{E86FA8F2-DAF8-4C95-AA7A-25F0F1378E14}.Debug|x64.ActiveCfg = Debug|Any CPU
		{E86FA8F2-DAF8-4C95-AA7A-25F0F1378E14}.Debug|x64.Build.0 = Debug|Any CPU
		{E86FA8F2-DAF8-4C95-AA7A-25F0F1378E14}.Debug|x86.ActiveCfg = Debug|Any CPU
		{E86FA8F2-DAF8-4C95-AA7A-25F0F1378E14}.Debug|x86.Build.0 = Debug|Any CPU
		{E86FA8F2-DAF8-4C95-AA7A-25F0F1378E14}.Release|Any CPU.ActiveCfg = Release|Any CPU
		{E86FA8F2-DAF8-4C95-AA7A-25F0F1378E14}.Release|Any CPU.Build.0 = Release|Any CPU
		{E86FA8F2-DAF8-4C95-AA7A-25F0F1378E14}.Release|x64.ActiveCfg = Release|Any CPU
		{E86FA8F2-DAF8-4C95-AA7A-25F0F1378E14}.Release|x64.Build.0 = Release|Any CPU
		{E86FA8F2-DAF8-4C95-AA7A-25F0F1378E14}.Release|x86.ActiveCfg = Release|Any CPU
		{E86FA8F2-DAF8-4C95-AA7A-25F0F1378E14}.Release|x86.Build.0 = Release|Any CPU
		{C29934DC-C592-4657-85AC-C83B70C0267E}.Debug|Any CPU.ActiveCfg = Debug|Any CPU
		{C29934DC-C592-4657-85AC-C83B70C0267E}.Debug|Any CPU.Build.0 = Debug|Any CPU
		{C29934DC-C592-4657-85AC-C83B70C0267E}.Debug|x64.ActiveCfg = Debug|Any CPU
		{C29934DC-C592-4657-85AC-C83B70C0267E}.Debug|x64.Build.0 = Debug|Any CPU
		{C29934DC-C592-4657-85AC-C83B70C0267E}.Debug|x86.ActiveCfg = Debug|Any CPU
		{C29934DC-C592-4657-85AC-C83B70C0267E}.Debug|x86.Build.0 = Debug|Any CPU
		{C29934DC-C592-4657-85AC-C83B70C0267E}.Release|Any CPU.ActiveCfg = Release|Any CPU
		{C29934DC-C592-4657-85AC-C83B70C0267E}.Release|Any CPU.Build.0 = Release|Any CPU
		{C29934DC-C592-4657-85AC-C83B70C0267E}.Release|x64.ActiveCfg = Release|Any CPU
		{C29934DC-C592-4657-85AC-C83B70C0267E}.Release|x64.Build.0 = Release|Any CPU
		{C29934DC-C592-4657-85AC-C83B70C0267E}.Release|x86.ActiveCfg = Release|Any CPU
		{C29934DC-C592-4657-85AC-C83B70C0267E}.Release|x86.Build.0 = Release|Any CPU
		{C3A2AC0B-1F09-4EEB-9F19-FB724B4F2908}.Debug|Any CPU.ActiveCfg = Debug|Any CPU
		{C3A2AC0B-1F09-4EEB-9F19-FB724B4F2908}.Debug|Any CPU.Build.0 = Debug|Any CPU
		{C3A2AC0B-1F09-4EEB-9F19-FB724B4F2908}.Debug|x64.ActiveCfg = Debug|Any CPU
		{C3A2AC0B-1F09-4EEB-9F19-FB724B4F2908}.Debug|x64.Build.0 = Debug|Any CPU
		{C3A2AC0B-1F09-4EEB-9F19-FB724B4F2908}.Debug|x86.ActiveCfg = Debug|Any CPU
		{C3A2AC0B-1F09-4EEB-9F19-FB724B4F2908}.Debug|x86.Build.0 = Debug|Any CPU
		{C3A2AC0B-1F09-4EEB-9F19-FB724B4F2908}.Release|Any CPU.ActiveCfg = Release|Any CPU
		{C3A2AC0B-1F09-4EEB-9F19-FB724B4F2908}.Release|Any CPU.Build.0 = Release|Any CPU
		{C3A2AC0B-1F09-4EEB-9F19-FB724B4F2908}.Release|x64.ActiveCfg = Release|Any CPU
		{C3A2AC0B-1F09-4EEB-9F19-FB724B4F2908}.Release|x64.Build.0 = Release|Any CPU
		{C3A2AC0B-1F09-4EEB-9F19-FB724B4F2908}.Release|x86.ActiveCfg = Release|Any CPU
		{C3A2AC0B-1F09-4EEB-9F19-FB724B4F2908}.Release|x86.Build.0 = Release|Any CPU
		{20A81C83-3293-48CB-A7CE-11784DF7EC9F}.Debug|Any CPU.ActiveCfg = Debug|Any CPU
		{20A81C83-3293-48CB-A7CE-11784DF7EC9F}.Debug|Any CPU.Build.0 = Debug|Any CPU
		{20A81C83-3293-48CB-A7CE-11784DF7EC9F}.Debug|x64.ActiveCfg = Debug|Any CPU
		{20A81C83-3293-48CB-A7CE-11784DF7EC9F}.Debug|x64.Build.0 = Debug|Any CPU
		{20A81C83-3293-48CB-A7CE-11784DF7EC9F}.Debug|x86.ActiveCfg = Debug|Any CPU
		{20A81C83-3293-48CB-A7CE-11784DF7EC9F}.Debug|x86.Build.0 = Debug|Any CPU
		{20A81C83-3293-48CB-A7CE-11784DF7EC9F}.Release|Any CPU.ActiveCfg = Release|Any CPU
		{20A81C83-3293-48CB-A7CE-11784DF7EC9F}.Release|Any CPU.Build.0 = Release|Any CPU
		{20A81C83-3293-48CB-A7CE-11784DF7EC9F}.Release|x64.ActiveCfg = Release|Any CPU
		{20A81C83-3293-48CB-A7CE-11784DF7EC9F}.Release|x64.Build.0 = Release|Any CPU
		{20A81C83-3293-48CB-A7CE-11784DF7EC9F}.Release|x86.ActiveCfg = Release|Any CPU
		{20A81C83-3293-48CB-A7CE-11784DF7EC9F}.Release|x86.Build.0 = Release|Any CPU
	EndGlobalSection
	GlobalSection(SolutionProperties) = preSolution
		HideSolutionNode = FALSE
	EndGlobalSection
	GlobalSection(NestedProjects) = preSolution
		{D4B798DC-976E-477E-913D-1A5A8BF9D500} = {827E0CD3-B72D-47B6-A68D-7590B98EB39B}
		{E86FA8F2-DAF8-4C95-AA7A-25F0F1378E14} = {827E0CD3-B72D-47B6-A68D-7590B98EB39B}
		{C29934DC-C592-4657-85AC-C83B70C0267E} = {827E0CD3-B72D-47B6-A68D-7590B98EB39B}
		{C3A2AC0B-1F09-4EEB-9F19-FB724B4F2908} = {827E0CD3-B72D-47B6-A68D-7590B98EB39B}
		{20A81C83-3293-48CB-A7CE-11784DF7EC9F} = {827E0CD3-B72D-47B6-A68D-7590B98EB39B}
	EndGlobalSection
EndGlobal
